PODS:
  - SnapKit (5.0.1)
  - WanYiKit (0.0.5)

DEPENDENCIES:
  - SnapKit
  - WanYiKit

SPEC REPOS:
  trunk:
    - SnapKit
    - WanYiKit

SPEC CHECKSUMS:
  SnapKit: 97b92857e3df3a0c71833cce143274bf6ef8e5eb
  WanYiKit: 427ae276bbbfdc643f3f6c04d1f72c81626c7063

PODFILE CHECKSUM: 6a838a929b80a5794e8cf1340aefea0790045d87

COCOAPODS: 1.9.3
